
Microsoft Visual Studio Solution File, Format Version 12.00
# Visual Studio 15
VisualStudioVersion = 15.0.26124.0
MinimumVisualStudioVersion = 15.0.26124.0
Project("{FAE04EC0-301F-11D3-BF4B-00C04F79EFBC}") = "Domain", "Domain\Domain.csproj", "{2627279D-3FDE-4397-866B-F0D6E2E5B414}"
EndProject
Project("{FAE04EC0-301F-11D3-BF4B-00C04F79EFBC}") = "Application", "Application\Application.csproj", "{35544D52-8418-4257-9DD1-8A33F9003D3E}"
EndProject
Project("{FAE04EC0-301F-11D3-BF4B-00C04F79EFBC}") = "Persistence", "Persistence\Persistence.csproj", "{6C76D7F8-64A5-4459-8A7B-1F2F711BCC9E}"
EndProject
Project("{FAE04EC0-301F-11D3-BF4B-00C04F79EFBC}") = "API", "API\API.csproj", "{99ECE484-568B-4728-8BE8-F6D14CBCE2AF}"
EndProject
Global
	GlobalSection(SolutionConfigurationPlatforms) = preSolution
		Debug|Any CPU = Debug|Any CPU
		Debug|x64 = Debug|x64
		Debug|x86 = Debug|x86
		Release|Any CPU = Release|Any CPU
		Release|x64 = Release|x64
		Release|x86 = Release|x86
	EndGlobalSection
	GlobalSection(SolutionProperties) = preSolution
		HideSolutionNode = FALSE
	EndGlobalSection
	GlobalSection(ProjectConfigurationPlatforms) = postSolution
		{2627279D-3FDE-4397-866B-F0D6E2E5B414}.Debug|Any CPU.ActiveCfg = Debug|Any CPU
		{2627279D-3FDE-4397-866B-F0D6E2E5B414}.Debug|Any CPU.Build.0 = Debug|Any CPU
		{2627279D-3FDE-4397-866B-F0D6E2E5B414}.Debug|x64.ActiveCfg = Debug|Any CPU
		{2627279D-3FDE-4397-866B-F0D6E2E5B414}.Debug|x64.Build.0 = Debug|Any CPU
		{2627279D-3FDE-4397-866B-F0D6E2E5B414}.Debug|x86.ActiveCfg = Debug|Any CPU
		{2627279D-3FDE-4397-866B-F0D6E2E5B414}.Debug|x86.Build.0 = Debug|Any CPU
		{2627279D-3FDE-4397-866B-F0D6E2E5B414}.Release|Any CPU.ActiveCfg = Release|Any CPU
		{2627279D-3FDE-4397-866B-F0D6E2E5B414}.Release|Any CPU.Build.0 = Release|Any CPU
		{2627279D-3FDE-4397-866B-F0D6E2E5B414}.Release|x64.ActiveCfg = Release|Any CPU
		{2627279D-3FDE-4397-866B-F0D6E2E5B414}.Release|x64.Build.0 = Release|Any CPU
		{2627279D-3FDE-4397-866B-F0D6E2E5B414}.Release|x86.ActiveCfg = Release|Any CPU
		{2627279D-3FDE-4397-866B-F0D6E2E5B414}.Release|x86.Build.0 = Release|Any CPU
		{35544D52-8418-4257-9DD1-8A33F9003D3E}.Debug|Any CPU.ActiveCfg = Debug|Any CPU
		{35544D52-8418-4257-9DD1-8A33F9003D3E}.Debug|Any CPU.Build.0 = Debug|Any CPU
		{35544D52-8418-4257-9DD1-8A33F9003D3E}.Debug|x64.ActiveCfg = Debug|Any CPU
		{35544D52-8418-4257-9DD1-8A33F9003D3E}.Debug|x64.Build.0 = Debug|Any CPU
		{35544D52-8418-4257-9DD1-8A33F9003D3E}.Debug|x86.ActiveCfg = Debug|Any CPU
		{35544D52-8418-4257-9DD1-8A33F9003D3E}.Debug|x86.Build.0 = Debug|Any CPU
		{35544D52-8418-4257-9DD1-8A33F9003D3E}.Release|Any CPU.ActiveCfg = Release|Any CPU
		{35544D52-8418-4257-9DD1-8A33F9003D3E}.Release|Any CPU.Build.0 = Release|Any CPU
		{35544D52-8418-4257-9DD1-8A33F9003D3E}.Release|x64.ActiveCfg = Release|Any CPU
		{35544D52-8418-4257-9DD1-8A33F9003D3E}.Release|x64.Build.0 = Release|Any CPU
		{35544D52-8418-4257-9DD1-8A33F9003D3E}.Release|x86.ActiveCfg = Release|Any CPU
		{35544D52-8418-4257-9DD1-8A33F9003D3E}.Release|x86.Build.0 = Release|Any CPU
		{6C76D7F8-64A5-4459-8A7B-1F2F711BCC9E}.Debug|Any CPU.ActiveCfg = Debug|Any CPU
		{6C76D7F8-64A5-4459-8A7B-1F2F711BCC9E}.Debug|Any CPU.Build.0 = Debug|Any CPU
		{6C76D7F8-64A5-4459-8A7B-1F2F711BCC9E}.Debug|x64.ActiveCfg = Debug|Any CPU
		{6C76D7F8-64A5-4459-8A7B-1F2F711BCC9E}.Debug|x64.Build.0 = Debug|Any CPU
		{6C76D7F8-64A5-4459-8A7B-1F2F711BCC9E}.Debug|x86.ActiveCfg = Debug|Any CPU
		{6C76D7F8-64A5-4459-8A7B-1F2F711BCC9E}.Debug|x86.Build.0 = Debug|Any CPU
		{6C76D7F8-64A5-4459-8A7B-1F2F711BCC9E}.Release|Any CPU.ActiveCfg = Release|Any CPU
		{6C76D7F8-64A5-4459-8A7B-1F2F711BCC9E}.Release|Any CPU.Build.0 = Release|Any CPU
		{6C76D7F8-64A5-4459-8A7B-1F2F711BCC9E}.Release|x64.ActiveCfg = Release|Any CPU
		{6C76D7F8-64A5-4459-8A7B-1F2F711BCC9E}.Release|x64.Build.0 = Release|Any CPU
		{6C76D7F8-64A5-4459-8A7B-1F2F711BCC9E}.Release|x86.ActiveCfg = Release|Any CPU
		{6C76D7F8-64A5-4459-8A7B-1F2F711BCC9E}.Release|x86.Build.0 = Release|Any CPU
		{99ECE484-568B-4728-8BE8-F6D14CBCE2AF}.Debug|Any CPU.ActiveCfg = Debug|Any CPU
		{99ECE484-568B-4728-8BE8-F6D14CBCE2AF}.Debug|Any CPU.Build.0 = Debug|Any CPU
		{99ECE484-568B-4728-8BE8-F6D14CBCE2AF}.Debug|x64.ActiveCfg = Debug|Any CPU
		{99ECE484-568B-4728-8BE8-F6D14CBCE2AF}.Debug|x64.Build.0 = Debug|Any CPU
		{99ECE484-568B-4728-8BE8-F6D14CBCE2AF}.Debug|x86.ActiveCfg = Debug|Any CPU
		{99ECE484-568B-4728-8BE8-F6D14CBCE2AF}.Debug|x86.Build.0 = Debug|Any CPU
		{99ECE484-568B-4728-8BE8-F6D14CBCE2AF}.Release|Any CPU.ActiveCfg = Release|Any CPU
		{99ECE484-568B-4728-8BE8-F6D14CBCE2AF}.Release|Any CPU.Build.0 = Release|Any CPU
		{99ECE484-568B-4728-8BE8-F6D14CBCE2AF}.Release|x64.ActiveCfg = Release|Any CPU
		{99ECE484-568B-4728-8BE8-F6D14CBCE2AF}.Release|x64.Build.0 = Release|Any CPU
		{99ECE484-568B-4728-8BE8-F6D14CBCE2AF}.Release|x86.ActiveCfg = Release|Any CPU
		{99ECE484-568B-4728-8BE8-F6D14CBCE2AF}.Release|x86.Build.0 = Release|Any CPU
	EndGlobalSection
EndGlobal
